// !$*UTF8*$!
{
	archiveVersion = 1;
	classes = {
	};
	objectVersion = 46;
	objects = {

/* Begin PBXBuildFile section */
		C48F466D21E6101E004A2BFF /* ConnectIQ.framework in Embed Frameworks */ = {isa = PBXBuildFile; fileRef = C48F466A21E6100F004A2BFF /* ConnectIQ.framework */; settings = {ATTRIBUTES = (CodeSignOnCopy, RemoveHeadersOnCopy, ); }; };
		D60D04B8199E546C00870EDC /* main.m in Sources */ = {isa = PBXBuildFile; fileRef = D60D04B7199E546C00870EDC /* main.m */; };
		D60D04BC199E546C00870EDC /* AppDelegate.m in Sources */ = {isa = PBXBuildFile; fileRef = D60D04BB199E546C00870EDC /* AppDelegate.m */; };
		D60D04C4199E546C00870EDC /* Images.xcassets in Resources */ = {isa = PBXBuildFile; fileRef = D60D04C3199E546C00870EDC /* Images.xcassets */; };
		E0DB80F51C4D4BEE0098FEB9 /* LaunchStoryboard.storyboard in Resources */ = {isa = PBXBuildFile; fileRef = E0DB80F41C4D4BEE0098FEB9 /* LaunchStoryboard.storyboard */; };
/* End PBXBuildFile section */

/* Begin PBXCopyFilesBuildPhase section */
		D18741051CDA8DBC00F21497 /* Embed Frameworks */ = {
			isa = PBXCopyFilesBuildPhase;
			buildActionMask = 2147483647;
			dstPath = "";
			dstSubfolderSpec = 10;
			files = (
				C48F466D21E6101E004A2BFF /* ConnectIQ.framework in Embed Frameworks */,
			);
			name = "Embed Frameworks";
			runOnlyForDeploymentPostprocessing = 0;
		};
/* End PBXCopyFilesBuildPhase section */

/* Begin PBXFileReference section */
		C48F466A21E6100F004A2BFF /* ConnectIQ.framework */ = {isa = PBXFileReference; lastKnownFileType = wrapper.framework; name = ConnectIQ.framework; path = ../../ConnectIQ.framework; sourceTree = "<group>"; };
		D60D04A8199E546C00870EDC /* ExampleApp.app */ = {isa = PBXFileReference; explicitFileType = wrapper.application; includeInIndex = 0; path = ExampleApp.app; sourceTree = BUILT_PRODUCTS_DIR; };
		D60D04B3199E546C00870EDC /* ExampleApp-Info.plist */ = {isa = PBXFileReference; lastKnownFileType = text.plist.xml; path = "ExampleApp-Info.plist"; sourceTree = "<group>"; };
		D60D04B7199E546C00870EDC /* main.m */ = {isa = PBXFileReference; lastKnownFileType = sourcecode.c.objc; path = main.m; sourceTree = "<group>"; };
		D60D04BA199E546C00870EDC /* AppDelegate.h */ = {isa = PBXFileReference; lastKnownFileType = sourcecode.c.h; path = AppDelegate.h; sourceTree = "<group>"; };
		D60D04BB199E546C00870EDC /* AppDelegate.m */ = {isa = PBXFileReference; lastKnownFileType = sourcecode.c.objc; lineEnding = 0; path = AppDelegate.m; sourceTree = "<group>"; xcLanguageSpecificationIdentifier = xcode.lang.objc; };
		D60D04C3199E546C00870EDC /* Images.xcassets */ = {isa = PBXFileReference; lastKnownFileType = folder.assetcatalog; path = Images.xcassets; sourceTree = "<group>"; };
		E0DB80F41C4D4BEE0098FEB9 /* LaunchStoryboard.storyboard */ = {isa = PBXFileReference; fileEncoding = 4; lastKnownFileType = file.storyboard; path = LaunchStoryboard.storyboard; sourceTree = "<group>"; };
/* End PBXFileReference section */

/* Begin PBXFrameworksBuildPhase section */
		D60D04A5199E546C00870EDC /* Frameworks */ = {
			isa = PBXFrameworksBuildPhase;
			buildActionMask = 2147483647;
			files = (
			);
			runOnlyForDeploymentPostprocessing = 0;
		};
/* End PBXFrameworksBuildPhase section */

/* Begin PBXGroup section */
		C48F466921E60FED004A2BFF /* Framework */ = {
			isa = PBXGroup;
			children = (
				C48F466A21E6100F004A2BFF /* ConnectIQ.framework */,
			);
			name = Framework;
			path = ExampleApp;
			sourceTree = "<group>";
		};
		D60D049F199E546C00870EDC = {
			isa = PBXGroup;
			children = (
				D60D04B1199E546C00870EDC /* ExampleApp */,
				C48F466921E60FED004A2BFF /* Framework */,
				D60D04A9199E546C00870EDC /* Products */,
			);
			sourceTree = "<group>";
		};
		D60D04A9199E546C00870EDC /* Products */ = {
			isa = PBXGroup;
			children = (
				D60D04A8199E546C00870EDC /* ExampleApp.app */,
			);
			name = Products;
			sourceTree = "<group>";
		};
		D60D04B1199E546C00870EDC /* ExampleApp */ = {
			isa = PBXGroup;
			children = (
				D60D04BA199E546C00870EDC /* AppDelegate.h */,
				D60D04BB199E546C00870EDC /* AppDelegate.m */,
				D60D04C3199E546C00870EDC /* Images.xcassets */,
				E0DB80F41C4D4BEE0098FEB9 /* LaunchStoryboard.storyboard */,
				D60D04B3199E546C00870EDC /* ExampleApp-Info.plist */,
				D60D04B7199E546C00870EDC /* main.m */,
			);
			path = ExampleApp;
			sourceTree = "<group>";
		};
/* End PBXGroup section */

/* Begin PBXNativeTarget section */
		D60D04A7199E546C00870EDC /* ExampleApp */ = {
			isa = PBXNativeTarget;
			buildConfigurationList = D60D04DA199E546D00870EDC /* Build configuration list for PBXNativeTarget "ExampleApp" */;
			buildPhases = (
				D60D04A4199E546C00870EDC /* Sources */,
				D60D04A5199E546C00870EDC /* Frameworks */,
				D60D04A6199E546C00870EDC /* Resources */,
				D18741051CDA8DBC00F21497 /* Embed Frameworks */,
			);
			buildRules = (
			);
			dependencies = (
			);
			name = ExampleApp;
			productName = ExampleApp;
			productReference = D60D04A8199E546C00870EDC /* ExampleApp.app */;
			productType = "com.apple.product-type.application";
		};
/* End PBXNativeTarget section */

/* Begin PBXProject section */
		D60D04A0199E546C00870EDC /* Project object */ = {
			isa = PBXProject;
			attributes = {
				LastUpgradeCheck = 0720;
				ORGANIZATIONNAME = Garmin;
				TargetAttributes = {
					D60D04A7199E546C00870EDC = {
						DevelopmentTeam = SMQ3E8Y57T;
					};
				};
			};
			buildConfigurationList = D60D04A3199E546C00870EDC /* Build configuration list for PBXProject "ExampleApp" */;
			compatibilityVersion = "Xcode 3.2";
			developmentRegion = English;
			hasScannedForEncodings = 0;
			knownRegions = (
				en
			);
			mainGroup = D60D049F199E546C00870EDC;
			productRefGroup = D60D04A9199E546C00870EDC /* Products */;
			projectDirPath = "";
			projectRoot = "";
			targets = (
				D60D04A7199E546C00870EDC /* ExampleApp */,
			);
		};
/* End PBXProject section */

/* Begin PBXResourcesBuildPhase section */
		D60D04A6199E546C00870EDC /* Resources */ = {
			isa = PBXResourcesBuildPhase;
			buildActionMask = 2147483647;
			files = (
				D60D04C4199E546C00870EDC /* Images.xcassets in Resources */,
				E0DB80F51C4D4BEE0098FEB9 /* LaunchStoryboard.storyboard in Resources */,
			);
			runOnlyForDeploymentPostprocessing = 0;
		};
/* End PBXResourcesBuildPhase section */

/* Begin PBXSourcesBuildPhase section */
		D60D04A4199E546C00870EDC /* Sources */ = {
			isa = PBXSourcesBuildPhase;
			buildActionMask = 2147483647;
			files = (
				D60D04BC199E546C00870EDC /* AppDelegate.m in Sources */,
				D60D04B8199E546C00870EDC /* main.m in Sources */,
			);
			runOnlyForDeploymentPostprocessing = 0;
		};
/* End PBXSourcesBuildPhase section */

/* Begin XCBuildConfiguration section */
		D60D04D8199E546D00870EDC /* Debug */ = {
			isa = XCBuildConfiguration;
			buildSettings = {
				ALWAYS_SEARCH_USER_PATHS = NO;
				CLANG_CXX_LANGUAGE_STANDARD = "gnu++0x";
				CLANG_CXX_LIBRARY = "libc++";
				CLANG_ENABLE_MODULES = YES;
				CLANG_ENABLE_OBJC_ARC = YES;
				CLANG_WARN_BOOL_CONVERSION = YES;
				CLANG_WARN_CONSTANT_CONVERSION = YES;
				CLANG_WARN_DIRECT_OBJC_ISA_USAGE = YES_ERROR;
				CLANG_WARN_EMPTY_BODY = YES;
				CLANG_WARN_ENUM_CONVERSION = YES;
				CLANG_WARN_INT_CONVERSION = YES;
				CLANG_WARN_OBJC_ROOT_CLASS = YES_ERROR;
				CLANG_WARN__DUPLICATE_METHOD_MATCH = YES;
				"CODE_SIGN_IDENTITY[sdk=iphoneos*]" = "iPhone Developer";
				COPY_PHASE_STRIP = NO;
				ENABLE_TESTABILITY = YES;
				GCC_C_LANGUAGE_STANDARD = gnu99;
				GCC_DYNAMIC_NO_PIC = NO;
				GCC_OPTIMIZATION_LEVEL = 0;
				GCC_PREPROCESSOR_DEFINITIONS = (
					"DEBUG=1",
					"$(inherited)",
				);
				GCC_SYMBOLS_PRIVATE_EXTERN = NO;
				GCC_WARN_64_TO_32_BIT_CONVERSION = YES;
				GCC_WARN_ABOUT_RETURN_TYPE = YES_ERROR;
				GCC_WARN_UNDECLARED_SELECTOR = YES;
				GCC_WARN_UNINITIALIZED_AUTOS = YES_AGGRESSIVE;
				GCC_WARN_UNUSED_FUNCTION = YES;
				GCC_WARN_UNUSED_VARIABLE = YES;
				IPHONEOS_DEPLOYMENT_TARGET = 8.1;
				ONLY_ACTIVE_ARCH = YES;
				SDKROOT = iphoneos;
			};
			name = Debug;
		};
		D60D04D9199E546D00870EDC /* Release */ = {
			isa = XCBuildConfiguration;
			buildSettings = {
				ALWAYS_SEARCH_USER_PATHS = NO;
				CLANG_CXX_LANGUAGE_STANDARD = "gnu++0x";
				CLANG_CXX_LIBRARY = "libc++";
				CLANG_ENABLE_MODULES = YES;
				CLANG_ENABLE_OBJC_ARC = YES;
				CLANG_WARN_BOOL_CONVERSION = YES;
				CLANG_WARN_CONSTANT_CONVERSION = YES;
				CLANG_WARN_DIRECT_OBJC_ISA_USAGE = YES_ERROR;
				CLANG_WARN_EMPTY_BODY = YES;
				CLANG_WARN_ENUM_CONVERSION = YES;
				CLANG_WARN_INT_CONVERSION = YES;
				CLANG_WARN_OBJC_ROOT_CLASS = YES_ERROR;
				CLANG_WARN__DUPLICATE_METHOD_MATCH = YES;
				"CODE_SIGN_IDENTITY[sdk=iphoneos*]" = "iPhone Developer";
				COPY_PHASE_STRIP = YES;
				ENABLE_NS_ASSERTIONS = NO;
				GCC_C_LANGUAGE_STANDARD = gnu99;
				GCC_WARN_64_TO_32_BIT_CONVERSION = YES;
				GCC_WARN_ABOUT_RETURN_TYPE = YES_ERROR;
				GCC_WARN_UNDECLARED_SELECTOR = YES;
				GCC_WARN_UNINITIALIZED_AUTOS = YES_AGGRESSIVE;
				GCC_WARN_UNUSED_FUNCTION = YES;
				GCC_WARN_UNUSED_VARIABLE = YES;
				IPHONEOS_DEPLOYMENT_TARGET = 8.1;
				SDKROOT = iphoneos;
				VALIDATE_PRODUCT = YES;
			};
			name = Release;
		};
		D60D04DB199E546D00870EDC /* Debug */ = {
			isa = XCBuildConfiguration;
			buildSettings = {
				ASSETCATALOG_COMPILER_APPICON_NAME = AppIcon;
				CODE_SIGN_IDENTITY = "iPhone Developer";
				"CODE_SIGN_IDENTITY[sdk=iphoneos*]" = "iPhone Developer";
				DEVELOPMENT_TEAM = SMQ3E8Y57T;
				FRAMEWORK_SEARCH_PATHS = (
					"$(inherited)",
					"$(SRCROOT)/..",
				);
				GCC_PRECOMPILE_PREFIX_HEADER = YES;
				INFOPLIST_FILE = "ExampleApp/ExampleApp-Info.plist";
				LD_RUNPATH_SEARCH_PATHS = "$(inherited) @executable_path/Frameworks";
				OTHER_LDFLAGS = "-ObjC";
				PRODUCT_BUNDLE_IDENTIFIER = com.garmin.MiniExampleApp;
				PRODUCT_NAME = "$(TARGET_NAME)";
				PROVISIONING_PROFILE = "";
				WRAPPER_EXTENSION = app;
			};
			name = Debug;
		};
		D60D04DC199E546D00870EDC /* Release */ = {
			isa = XCBuildConfiguration;
			buildSettings = {
				ASSETCATALOG_COMPILER_APPICON_NAME = AppIcon;
				CODE_SIGN_IDENTITY = "iPhone Developer";
				"CODE_SIGN_IDENTITY[sdk=iphoneos*]" = "iPhone Developer";
				DEVELOPMENT_TEAM = SMQ3E8Y57T;
				FRAMEWORK_SEARCH_PATHS = (
					"$(inherited)",
					"$(SRCROOT)/..",
				);
				GCC_PRECOMPILE_PREFIX_HEADER = YES;
				INFOPLIST_FILE = "ExampleApp/ExampleApp-Info.plist";
				LD_RUNPATH_SEARCH_PATHS = "$(inherited) @executable_path/Frameworks";
				OTHER_LDFLAGS = "-ObjC";
				PRODUCT_BUNDLE_IDENTIFIER = com.garmin.MiniExampleApp;
				PRODUCT_NAME = "$(TARGET_NAME)";
				PROVISIONING_PROFILE = "";
				WRAPPER_EXTENSION = app;
			};
			name = Release;
		};
/* End XCBuildConfiguration section */

/* Begin XCConfigurationList section */
		D60D04A3199E546C00870EDC /* Build configuration list for PBXProject "ExampleApp" */ = {
			isa = XCConfigurationList;
			buildConfigurations = (
				D60D04D8199E546D00870EDC /* Debug */,
				D60D04D9199E546D00870EDC /* Release */,
			);
			defaultConfigurationIsVisible = 0;
			defaultConfigurationName = Release;
		};
		D60D04DA199E546D00870EDC /* Build configuration list for PBXNativeTarget "ExampleApp" */ = {
			isa = XCConfigurationList;
			buildConfigurations = (
				D60D04DB199E546D00870EDC /* Debug */,
				D60D04DC199E546D00870EDC /* Release */,
			);
			defaultConfigurationIsVisible = 0;
			defaultConfigurationName = Release;
		};
/* End XCConfigurationList section */
	};
	rootObject = D60D04A0199E546C00870EDC /* Project object */;
}
